{
    "_meta": {
        "hash": {
            "sha256": "4a604224d1540a6b1a53a153200b60cd47a7a1d1001d1cda169de209323ffda0"
        },
        "pipfile-spec": 6,
        "requires": {
            "python_version": "3.7"
        },
        "sources": [
            {
                "name": "pypi",
                "url": "https://pypi.org/simple",
                "verify_ssl": true
            }
        ]
    },
    "default": {
        "attrs": {
            "hashes": [
                "sha256:69c0dbf2ed392de1cb5ec704444b08a5ef81680a61cb899dc08127123af36a79",
                "sha256:f0b870f674851ecbfbbbd364d6b5cbdff9dcedbc7f3f5e18a6891057f21fe399"
            ],
            "index": "pypi",
            "version": "==19.1.0"
        },
        "marshmallow": {
            "hashes": [
                "sha256:9cedfc5b6f568d57e8a2cf3d293fbd81b05e5ef557854008d03e25660a39ccfd",
                "sha256:a4d99922116a76e5abd8f997ec0519086e24814b7e1e1344bebe2a312ba50235"
            ],
            "index": "pypi",
            "version": "==2.19.5"
        },
        "mypy-extensions": {
            "hashes": [
                "sha256:37e0e956f41369209a3d5f34580150bcacfabaa57b33a15c0b25f4b5725e0812",
                "sha256:b16cabe759f55e3409a7d231ebd2841378fb0c27a5d1994719e340e4f429ac3e"
            ],
            "version": "==0.4.1"
        },
        "typing-inspect": {
            "hashes": [
                "sha256:a7cb36c4a47d034766a67ea6467b39bd995cd00db8d4db1aa40001bf2d674a9b",
                "sha256:cf41eb276cc8955a45e03c15cd1efa6c181a8775a38ff0bfda99d28af97bcda3",
                "sha256:e319dfa0c9a646614c9b6abab3bdd5f860a98609998d420f33e41a6e01cbbddb"
            ],
            "index": "pypi",
            "version": "==0.4.0"
        }
    },
    "develop": {}
}
